{
  "requires": true,
  "lockfileVersion": 1,
  "dependencies": {
    "babel-plugin-root-import": {
      "version": "6.0.0",
      "resolved": "https://registry.npmjs.org/babel-plugin-root-import/-/babel-plugin-root-import-6.0.0.tgz",
      "integrity": "sha512-CJ8jzT9S8O2goHL7UUkiMVtSf6p+h4V69jUn/e1GMp4Uu8nFdBc7QLnfJNEqDUk4sn+Hd/0j63KkwUOYgw4fgw==",
      "dev": true,
      "requires": {
        "slash": "1.0.0"
      }
    },
    "slash": {
      "version": "1.0.0",
      "resolved": "https://registry.npmjs.org/slash/-/slash-1.0.0.tgz",
      "integrity": "sha1-xB8vbDn8FtHNF61LXYlhFK5HDVU=",
      "dev": true
    }
  }
}
